
Microsoft Visual Studio Solution File, Format Version 12.00
# Visual Studio 15
VisualStudioVersion = 15.0.28307.271
MinimumVisualStudioVersion = 10.0.40219.1
Project("{FAE04EC0-301F-11D3-BF4B-00C04F79EFBC}") = "Tests", "XUnitTestProject1\Tests.csproj", "{F1FFCB80-77EC-41CB-85D2-44C1B056F228}"
EndProject
Project("{FAE04EC0-301F-11D3-BF4B-00C04F79EFBC}") = "Domain", "..\Domain\Domain.csproj", "{BAF605F0-E7DD-427D-B942-74BE55CD0FE8}"
EndProject
Global
	GlobalSection(SolutionConfigurationPlatforms) = preSolution
		Debug|Any CPU = Debug|Any CPU
		Release|Any CPU = Release|Any CPU
	EndGlobalSection
	GlobalSection(ProjectConfigurationPlatforms) = postSolution
		{F1FFCB80-77EC-41CB-85D2-44C1B056F228}.Debug|Any CPU.ActiveCfg = Debug|Any CPU
		{F1FFCB80-77EC-41CB-85D2-44C1B056F228}.Debug|Any CPU.Build.0 = Debug|Any CPU
		{F1FFCB80-77EC-41CB-85D2-44C1B056F228}.Release|Any CPU.ActiveCfg = Release|Any CPU
		{F1FFCB80-77EC-41CB-85D2-44C1B056F228}.Release|Any CPU.Build.0 = Release|Any CPU
		{BAF605F0-E7DD-427D-B942-74BE55CD0FE8}.Debug|Any CPU.ActiveCfg = Debug|Any CPU
		{BAF605F0-E7DD-427D-B942-74BE55CD0FE8}.Debug|Any CPU.Build.0 = Debug|Any CPU
		{BAF605F0-E7DD-427D-B942-74BE55CD0FE8}.Release|Any CPU.ActiveCfg = Release|Any CPU
		{BAF605F0-E7DD-427D-B942-74BE55CD0FE8}.Release|Any CPU.Build.0 = Release|Any CPU
	EndGlobalSection
	GlobalSection(SolutionProperties) = preSolution
		HideSolutionNode = FALSE
	EndGlobalSection
	GlobalSection(ExtensibilityGlobals) = postSolution
		SolutionGuid = {5DEC111C-4168-44BB-872A-A89E4DE7EFF7}
	EndGlobalSection
EndGlobal
